
Microsoft Visual Studio Solution File, Format Version 12.00
# Visual Studio Version 16
VisualStudioVersion = 16.0.31911.196
MinimumVisualStudioVersion = 10.0.40219.1
Project("{8BC9CEB8-8B4A-11D0-8D11-00A0C91BC942}") = "Spotter", "Spotter.vcxproj", "{D1926C3D-80AC-43DB-A58C-C2E61D25BF64}"
EndProject
Global
	GlobalSection(SolutionConfigurationPlatforms) = preSolution
		Debug|x64 = Debug|x64
		Debug|x86 = Debug|x86
		Release|x64 = Release|x64
		Release|x86 = Release|x86
	EndGlobalSection
	GlobalSection(ProjectConfigurationPlatforms) = postSolution
		{D1926C3D-80AC-43DB-A58C-C2E61D25BF64}.Debug|x64.ActiveCfg = Debug|x64
		{D1926C3D-80AC-43DB-A58C-C2E61D25BF64}.Debug|x64.Build.0 = Debug|x64
		{D1926C3D-80AC-43DB-A58C-C2E61D25BF64}.Debug|x86.ActiveCfg = Debug|Win32
		{D1926C3D-80AC-43DB-A58C-C2E61D25BF64}.Debug|x86.Build.0 = Debug|Win32
		{D1926C3D-80AC-43DB-A58C-C2E61D25BF64}.Release|x64.ActiveCfg = Release|x64
		{D1926C3D-80AC-43DB-A58C-C2E61D25BF64}.Release|x64.Build.0 = Release|x64
		{D1926C3D-80AC-43DB-A58C-C2E61D25BF64}.Release|x86.ActiveCfg = Release|Win32
		{D1926C3D-80AC-43DB-A58C-C2E61D25BF64}.Release|x86.Build.0 = Release|Win32
	EndGlobalSection
	GlobalSection(SolutionProperties) = preSolution
		HideSolutionNode = FALSE
	EndGlobalSection
	GlobalSection(ExtensibilityGlobals) = postSolution
		SolutionGuid = {8C854184-F191-4E37-8D14-4233A02CDB54}
	EndGlobalSection
EndGlobal
